
Microsoft Visual Studio Solution File, Format Version 12.00
# Visual Studio 15
VisualStudioVersion = 15.0.26124.0
MinimumVisualStudioVersion = 15.0.26124.0
Project("{FAE04EC0-301F-11D3-BF4B-00C04F79EFBC}") = "API", "API\API.csproj", "{ADC98C78-2FF2-464D-A3F2-54F2201DD68A}"
EndProject
Project("{FAE04EC0-301F-11D3-BF4B-00C04F79EFBC}") = "Core", "Core\Core.csproj", "{82636422-3FAA-498E-89D8-A78F4F61C446}"
EndProject
Project("{FAE04EC0-301F-11D3-BF4B-00C04F79EFBC}") = "Infrastructure", "Infrastructure\Infrastructure.csproj", "{E06A124F-C041-43E1-90E6-FA7B73797091}"
EndProject
Global
	GlobalSection(SolutionConfigurationPlatforms) = preSolution
		Debug|Any CPU = Debug|Any CPU
		Debug|x64 = Debug|x64
		Debug|x86 = Debug|x86
		Release|Any CPU = Release|Any CPU
		Release|x64 = Release|x64
		Release|x86 = Release|x86
	EndGlobalSection
	GlobalSection(SolutionProperties) = preSolution
		HideSolutionNode = FALSE
	EndGlobalSection
	GlobalSection(ProjectConfigurationPlatforms) = postSolution
		{ADC98C78-2FF2-464D-A3F2-54F2201DD68A}.Debug|Any CPU.ActiveCfg = Debug|Any CPU
		{ADC98C78-2FF2-464D-A3F2-54F2201DD68A}.Debug|Any CPU.Build.0 = Debug|Any CPU
		{ADC98C78-2FF2-464D-A3F2-54F2201DD68A}.Debug|x64.ActiveCfg = Debug|Any CPU
		{ADC98C78-2FF2-464D-A3F2-54F2201DD68A}.Debug|x64.Build.0 = Debug|Any CPU
		{ADC98C78-2FF2-464D-A3F2-54F2201DD68A}.Debug|x86.ActiveCfg = Debug|Any CPU
		{ADC98C78-2FF2-464D-A3F2-54F2201DD68A}.Debug|x86.Build.0 = Debug|Any CPU
		{ADC98C78-2FF2-464D-A3F2-54F2201DD68A}.Release|Any CPU.ActiveCfg = Release|Any CPU
		{ADC98C78-2FF2-464D-A3F2-54F2201DD68A}.Release|Any CPU.Build.0 = Release|Any CPU
		{ADC98C78-2FF2-464D-A3F2-54F2201DD68A}.Release|x64.ActiveCfg = Release|Any CPU
		{ADC98C78-2FF2-464D-A3F2-54F2201DD68A}.Release|x64.Build.0 = Release|Any CPU
		{ADC98C78-2FF2-464D-A3F2-54F2201DD68A}.Release|x86.ActiveCfg = Release|Any CPU
		{ADC98C78-2FF2-464D-A3F2-54F2201DD68A}.Release|x86.Build.0 = Release|Any CPU
		{82636422-3FAA-498E-89D8-A78F4F61C446}.Debug|Any CPU.ActiveCfg = Debug|Any CPU
		{82636422-3FAA-498E-89D8-A78F4F61C446}.Debug|Any CPU.Build.0 = Debug|Any CPU
		{82636422-3FAA-498E-89D8-A78F4F61C446}.Debug|x64.ActiveCfg = Debug|Any CPU
		{82636422-3FAA-498E-89D8-A78F4F61C446}.Debug|x64.Build.0 = Debug|Any CPU
		{82636422-3FAA-498E-89D8-A78F4F61C446}.Debug|x86.ActiveCfg = Debug|Any CPU
		{82636422-3FAA-498E-89D8-A78F4F61C446}.Debug|x86.Build.0 = Debug|Any CPU
		{82636422-3FAA-498E-89D8-A78F4F61C446}.Release|Any CPU.ActiveCfg = Release|Any CPU
		{82636422-3FAA-498E-89D8-A78F4F61C446}.Release|Any CPU.Build.0 = Release|Any CPU
		{82636422-3FAA-498E-89D8-A78F4F61C446}.Release|x64.ActiveCfg = Release|Any CPU
		{82636422-3FAA-498E-89D8-A78F4F61C446}.Release|x64.Build.0 = Release|Any CPU
		{82636422-3FAA-498E-89D8-A78F4F61C446}.Release|x86.ActiveCfg = Release|Any CPU
		{82636422-3FAA-498E-89D8-A78F4F61C446}.Release|x86.Build.0 = Release|Any CPU
		{E06A124F-C041-43E1-90E6-FA7B73797091}.Debug|Any CPU.ActiveCfg = Debug|Any CPU
		{E06A124F-C041-43E1-90E6-FA7B73797091}.Debug|Any CPU.Build.0 = Debug|Any CPU
		{E06A124F-C041-43E1-90E6-FA7B73797091}.Debug|x64.ActiveCfg = Debug|Any CPU
		{E06A124F-C041-43E1-90E6-FA7B73797091}.Debug|x64.Build.0 = Debug|Any CPU
		{E06A124F-C041-43E1-90E6-FA7B73797091}.Debug|x86.ActiveCfg = Debug|Any CPU
		{E06A124F-C041-43E1-90E6-FA7B73797091}.Debug|x86.Build.0 = Debug|Any CPU
		{E06A124F-C041-43E1-90E6-FA7B73797091}.Release|Any CPU.ActiveCfg = Release|Any CPU
		{E06A124F-C041-43E1-90E6-FA7B73797091}.Release|Any CPU.Build.0 = Release|Any CPU
		{E06A124F-C041-43E1-90E6-FA7B73797091}.Release|x64.ActiveCfg = Release|Any CPU
		{E06A124F-C041-43E1-90E6-FA7B73797091}.Release|x64.Build.0 = Release|Any CPU
		{E06A124F-C041-43E1-90E6-FA7B73797091}.Release|x86.ActiveCfg = Release|Any CPU
		{E06A124F-C041-43E1-90E6-FA7B73797091}.Release|x86.Build.0 = Release|Any CPU
	EndGlobalSection
EndGlobal
